
Microsoft Visual Studio Solution File, Format Version 12.00
# Visual Studio 15
VisualStudioVersion = 15.0.27428.2037
MinimumVisualStudioVersion = 10.0.40219.1
Project("{FAE04EC0-301F-11D3-BF4B-00C04F79EFBC}") = "RunPipeline-AzureFunctions", "RunPipeline-AzureFunctions\RunPipeline-AzureFunctions.csproj", "{52733F8F-31FD-4605-BFC5-C65BE807D3CA}"
EndProject
Global
	GlobalSection(SolutionConfigurationPlatforms) = preSolution
		Debug|Any CPU = Debug|Any CPU
		Release|Any CPU = Release|Any CPU
	EndGlobalSection
	GlobalSection(ProjectConfigurationPlatforms) = postSolution
		{52733F8F-31FD-4605-BFC5-C65BE807D3CA}.Debug|Any CPU.ActiveCfg = Debug|Any CPU
		{52733F8F-31FD-4605-BFC5-C65BE807D3CA}.Debug|Any CPU.Build.0 = Debug|Any CPU
		{52733F8F-31FD-4605-BFC5-C65BE807D3CA}.Release|Any CPU.ActiveCfg = Release|Any CPU
		{52733F8F-31FD-4605-BFC5-C65BE807D3CA}.Release|Any CPU.Build.0 = Release|Any CPU
	EndGlobalSection
	GlobalSection(SolutionProperties) = preSolution
		HideSolutionNode = FALSE
	EndGlobalSection
	GlobalSection(ExtensibilityGlobals) = postSolution
		SolutionGuid = {0943C24D-89AE-47CD-8FBA-FD1325C58C40}
	EndGlobalSection
EndGlobal
